
Microsoft Visual Studio Solution File, Format Version 9.00
# Visual Studio 2005
Project("{FAE04EC0-301F-11D3-BF4B-00C04F79EFBC}") = "AudioEngine", "AudioEngine\AudioEngine.csproj", "{98012884-F06D-4B09-917E-EE92982912FB}"
	ProjectSection(WebsiteProperties) = preProject
		Debug.AspNetCompiler.Debug = "True"
		Release.AspNetCompiler.Debug = "False"
	EndProjectSection
EndProject
Project("{FAE04EC0-301F-11D3-BF4B-00C04F79EFBC}") = "SeqAPlay", "SeqAPlay\SeqAPlay.csproj", "{CDA12139-E5DB-4F27-88CE-357E05842FA1}"
	ProjectSection(WebsiteProperties) = preProject
		Debug.AspNetCompiler.Debug = "True"
		Release.AspNetCompiler.Debug = "False"
	EndProjectSection
EndProject
Project("{FAE04EC0-301F-11D3-BF4B-00C04F79EFBC}") = "PunchInRec", "PunchInRec\PunchInRec.csproj", "{8CE935FD-CAB2-411A-9CD7-7CEBB2AD1D58}"
	ProjectSection(WebsiteProperties) = preProject
		Debug.AspNetCompiler.Debug = "True"
		Release.AspNetCompiler.Debug = "False"
	EndProjectSection
EndProject
Project("{FAE04EC0-301F-11D3-BF4B-00C04F79EFBC}") = "PPMeter", "PPMeter\PPMeter.csproj", "{58C576A9-CEBA-4274-A643-5867D377FEA3}"
	ProjectSection(WebsiteProperties) = preProject
		Debug.AspNetCompiler.Debug = "True"
		Release.AspNetCompiler.Debug = "False"
	EndProjectSection
EndProject
Project("{FAE04EC0-301F-11D3-BF4B-00C04F79EFBC}") = "TestCApp", "TestCApp\TestCApp.csproj", "{DA8F23F2-8D95-4B36-8925-F1CD8E0B1E2B}"
	ProjectSection(WebsiteProperties) = preProject
		Debug.AspNetCompiler.Debug = "True"
		Release.AspNetCompiler.Debug = "False"
	EndProjectSection
EndProject
Project("{FAE04EC0-301F-11D3-BF4B-00C04F79EFBC}") = "AudioEngine.DirectX", "AudioEngine.DirectX\AudioEngine.DirectX.csproj", "{A3DC8700-D8BF-4376-A25F-3B158B22FC64}"
	ProjectSection(WebsiteProperties) = preProject
		Debug.AspNetCompiler.Debug = "True"
		Release.AspNetCompiler.Debug = "False"
	EndProjectSection
EndProject
Project("{FAE04EC0-301F-11D3-BF4B-00C04F79EFBC}") = "urakawa.AudioEngine", "urakawa.AudioEngine\urakawa.AudioEngine.csproj", "{C4466079-ED45-432E-A940-88DBF9A95EBA}"
	ProjectSection(WebsiteProperties) = preProject
		Debug.AspNetCompiler.Debug = "True"
		Release.AspNetCompiler.Debug = "False"
	EndProjectSection
EndProject
Project("{FAE04EC0-301F-11D3-BF4B-00C04F79EFBC}") = "WaveFormDisplay", "WaveFormDisplay\WaveFormDisplay.csproj", "{15FCFFB6-8480-44A1-8606-3D2B695312F1}"
	ProjectSection(WebsiteProperties) = preProject
		Debug.AspNetCompiler.Debug = "True"
		Release.AspNetCompiler.Debug = "False"
	EndProjectSection
EndProject
Project("{FAE04EC0-301F-11D3-BF4B-00C04F79EFBC}") = "TestWApp", "TestWApp\TestWApp.csproj", "{8980F39A-250D-4E99-9D67-C25A24967EE7}"
	ProjectSection(WebsiteProperties) = preProject
		Debug.AspNetCompiler.Debug = "True"
		Release.AspNetCompiler.Debug = "False"
	EndProjectSection
EndProject
Project("{FAE04EC0-301F-11D3-BF4B-00C04F79EFBC}") = "WaveForm", "WaveForm\WaveForm.csproj", "{90933208-50FF-4A9B-9916-0AB49C300E52}"
	ProjectSection(WebsiteProperties) = preProject
		Debug.AspNetCompiler.Debug = "True"
		Release.AspNetCompiler.Debug = "False"
	EndProjectSection
EndProject
Project("{FAE04EC0-301F-11D3-BF4B-00C04F79EFBC}") = "core_VS8-2005", "..\core\core_VS8-2005.csproj", "{7176AEC6-D8DD-46F2-B28E-5D9E0601ADB9}"
	ProjectSection(WebsiteProperties) = preProject
		Debug.AspNetCompiler.Debug = "True"
		Release.AspNetCompiler.Debug = "False"
	EndProjectSection
EndProject
Global
	GlobalSection(SolutionConfigurationPlatforms) = preSolution
		Debug|Any CPU = Debug|Any CPU
		Minimal Debug|Any CPU = Minimal Debug|Any CPU
		Release|Any CPU = Release|Any CPU
	EndGlobalSection
	GlobalSection(ProjectConfigurationPlatforms) = postSolution
		{98012884-F06D-4B09-917E-EE92982912FB}.Debug|Any CPU.ActiveCfg = Debug|Any CPU
		{98012884-F06D-4B09-917E-EE92982912FB}.Debug|Any CPU.Build.0 = Debug|Any CPU
		{98012884-F06D-4B09-917E-EE92982912FB}.Minimal Debug|Any CPU.ActiveCfg = Debug|Any CPU
		{98012884-F06D-4B09-917E-EE92982912FB}.Minimal Debug|Any CPU.Build.0 = Debug|Any CPU
		{98012884-F06D-4B09-917E-EE92982912FB}.Release|Any CPU.ActiveCfg = Release|Any CPU
		{98012884-F06D-4B09-917E-EE92982912FB}.Release|Any CPU.Build.0 = Release|Any CPU
		{CDA12139-E5DB-4F27-88CE-357E05842FA1}.Debug|Any CPU.ActiveCfg = Debug|Any CPU
		{CDA12139-E5DB-4F27-88CE-357E05842FA1}.Debug|Any CPU.Build.0 = Debug|Any CPU
		{CDA12139-E5DB-4F27-88CE-357E05842FA1}.Minimal Debug|Any CPU.ActiveCfg = Debug|Any CPU
		{CDA12139-E5DB-4F27-88CE-357E05842FA1}.Minimal Debug|Any CPU.Build.0 = Debug|Any CPU
		{CDA12139-E5DB-4F27-88CE-357E05842FA1}.Release|Any CPU.ActiveCfg = Release|Any CPU
		{CDA12139-E5DB-4F27-88CE-357E05842FA1}.Release|Any CPU.Build.0 = Release|Any CPU
		{8CE935FD-CAB2-411A-9CD7-7CEBB2AD1D58}.Debug|Any CPU.ActiveCfg = Debug|Any CPU
		{8CE935FD-CAB2-411A-9CD7-7CEBB2AD1D58}.Debug|Any CPU.Build.0 = Debug|Any CPU
		{8CE935FD-CAB2-411A-9CD7-7CEBB2AD1D58}.Minimal Debug|Any CPU.ActiveCfg = Debug|Any CPU
		{8CE935FD-CAB2-411A-9CD7-7CEBB2AD1D58}.Minimal Debug|Any CPU.Build.0 = Debug|Any CPU
		{8CE935FD-CAB2-411A-9CD7-7CEBB2AD1D58}.Release|Any CPU.ActiveCfg = Release|Any CPU
		{8CE935FD-CAB2-411A-9CD7-7CEBB2AD1D58}.Release|Any CPU.Build.0 = Release|Any CPU
		{58C576A9-CEBA-4274-A643-5867D377FEA3}.Debug|Any CPU.ActiveCfg = Debug|Any CPU
		{58C576A9-CEBA-4274-A643-5867D377FEA3}.Debug|Any CPU.Build.0 = Debug|Any CPU
		{58C576A9-CEBA-4274-A643-5867D377FEA3}.Minimal Debug|Any CPU.ActiveCfg = Debug|Any CPU
		{58C576A9-CEBA-4274-A643-5867D377FEA3}.Minimal Debug|Any CPU.Build.0 = Debug|Any CPU
		{58C576A9-CEBA-4274-A643-5867D377FEA3}.Release|Any CPU.ActiveCfg = Release|Any CPU
		{58C576A9-CEBA-4274-A643-5867D377FEA3}.Release|Any CPU.Build.0 = Release|Any CPU
		{DA8F23F2-8D95-4B36-8925-F1CD8E0B1E2B}.Debug|Any CPU.ActiveCfg = Debug|Any CPU
		{DA8F23F2-8D95-4B36-8925-F1CD8E0B1E2B}.Debug|Any CPU.Build.0 = Debug|Any CPU
		{DA8F23F2-8D95-4B36-8925-F1CD8E0B1E2B}.Minimal Debug|Any CPU.ActiveCfg = Debug|Any CPU
		{DA8F23F2-8D95-4B36-8925-F1CD8E0B1E2B}.Minimal Debug|Any CPU.Build.0 = Debug|Any CPU
		{DA8F23F2-8D95-4B36-8925-F1CD8E0B1E2B}.Release|Any CPU.ActiveCfg = Release|Any CPU
		{DA8F23F2-8D95-4B36-8925-F1CD8E0B1E2B}.Release|Any CPU.Build.0 = Release|Any CPU
		{A3DC8700-D8BF-4376-A25F-3B158B22FC64}.Debug|Any CPU.ActiveCfg = Debug|Any CPU
		{A3DC8700-D8BF-4376-A25F-3B158B22FC64}.Debug|Any CPU.Build.0 = Debug|Any CPU
		{A3DC8700-D8BF-4376-A25F-3B158B22FC64}.Minimal Debug|Any CPU.ActiveCfg = Debug|Any CPU
		{A3DC8700-D8BF-4376-A25F-3B158B22FC64}.Minimal Debug|Any CPU.Build.0 = Debug|Any CPU
		{A3DC8700-D8BF-4376-A25F-3B158B22FC64}.Release|Any CPU.ActiveCfg = Release|Any CPU
		{A3DC8700-D8BF-4376-A25F-3B158B22FC64}.Release|Any CPU.Build.0 = Release|Any CPU
		{C4466079-ED45-432E-A940-88DBF9A95EBA}.Debug|Any CPU.ActiveCfg = Debug|Any CPU
		{C4466079-ED45-432E-A940-88DBF9A95EBA}.Debug|Any CPU.Build.0 = Debug|Any CPU
		{C4466079-ED45-432E-A940-88DBF9A95EBA}.Minimal Debug|Any CPU.ActiveCfg = Debug|Any CPU
		{C4466079-ED45-432E-A940-88DBF9A95EBA}.Minimal Debug|Any CPU.Build.0 = Debug|Any CPU
		{C4466079-ED45-432E-A940-88DBF9A95EBA}.Release|Any CPU.ActiveCfg = Release|Any CPU
		{C4466079-ED45-432E-A940-88DBF9A95EBA}.Release|Any CPU.Build.0 = Release|Any CPU
		{15FCFFB6-8480-44A1-8606-3D2B695312F1}.Debug|Any CPU.ActiveCfg = Debug|Any CPU
		{15FCFFB6-8480-44A1-8606-3D2B695312F1}.Debug|Any CPU.Build.0 = Debug|Any CPU
		{15FCFFB6-8480-44A1-8606-3D2B695312F1}.Minimal Debug|Any CPU.ActiveCfg = Debug|Any CPU
		{15FCFFB6-8480-44A1-8606-3D2B695312F1}.Minimal Debug|Any CPU.Build.0 = Debug|Any CPU
		{15FCFFB6-8480-44A1-8606-3D2B695312F1}.Release|Any CPU.ActiveCfg = Release|Any CPU
		{15FCFFB6-8480-44A1-8606-3D2B695312F1}.Release|Any CPU.Build.0 = Release|Any CPU
		{8980F39A-250D-4E99-9D67-C25A24967EE7}.Debug|Any CPU.ActiveCfg = Debug|Any CPU
		{8980F39A-250D-4E99-9D67-C25A24967EE7}.Debug|Any CPU.Build.0 = Debug|Any CPU
		{8980F39A-250D-4E99-9D67-C25A24967EE7}.Minimal Debug|Any CPU.ActiveCfg = Debug|Any CPU
		{8980F39A-250D-4E99-9D67-C25A24967EE7}.Minimal Debug|Any CPU.Build.0 = Debug|Any CPU
		{8980F39A-250D-4E99-9D67-C25A24967EE7}.Release|Any CPU.ActiveCfg = Release|Any CPU
		{8980F39A-250D-4E99-9D67-C25A24967EE7}.Release|Any CPU.Build.0 = Release|Any CPU
		{90933208-50FF-4A9B-9916-0AB49C300E52}.Debug|Any CPU.ActiveCfg = Debug|Any CPU
		{90933208-50FF-4A9B-9916-0AB49C300E52}.Debug|Any CPU.Build.0 = Debug|Any CPU
		{90933208-50FF-4A9B-9916-0AB49C300E52}.Minimal Debug|Any CPU.ActiveCfg = Debug|Any CPU
		{90933208-50FF-4A9B-9916-0AB49C300E52}.Minimal Debug|Any CPU.Build.0 = Debug|Any CPU
		{90933208-50FF-4A9B-9916-0AB49C300E52}.Release|Any CPU.ActiveCfg = Release|Any CPU
		{90933208-50FF-4A9B-9916-0AB49C300E52}.Release|Any CPU.Build.0 = Release|Any CPU
		{7176AEC6-D8DD-46F2-B28E-5D9E0601ADB9}.Debug|Any CPU.ActiveCfg = Debug|Any CPU
		{7176AEC6-D8DD-46F2-B28E-5D9E0601ADB9}.Debug|Any CPU.Build.0 = Debug|Any CPU
		{7176AEC6-D8DD-46F2-B28E-5D9E0601ADB9}.Minimal Debug|Any CPU.ActiveCfg = Minimal Debug|Any CPU
		{7176AEC6-D8DD-46F2-B28E-5D9E0601ADB9}.Minimal Debug|Any CPU.Build.0 = Minimal Debug|Any CPU
		{7176AEC6-D8DD-46F2-B28E-5D9E0601ADB9}.Release|Any CPU.ActiveCfg = Release|Any CPU
		{7176AEC6-D8DD-46F2-B28E-5D9E0601ADB9}.Release|Any CPU.Build.0 = Release|Any CPU
	EndGlobalSection
	GlobalSection(SolutionProperties) = preSolution
		HideSolutionNode = FALSE
	EndGlobalSection
EndGlobal
