Microsoft Visual Studio Solution File, Format Version 8.00
Project("{FAE04EC0-301F-11D3-BF4B-00C04F79EFBC}") = "UrakawaToolkit", "UrakawaToolkit.csproj", "{B68E8375-E310-4331-863C-C114763675CF}"
	ProjectSection(ProjectDependencies) = postProject
	EndProjectSection
EndProject
Project("{FAE04EC0-301F-11D3-BF4B-00C04F79EFBC}") = "ConsoleTest", "ConsoleTest\ConsoleTest.csproj", "{9349433A-EBB9-4C71-9EA4-7E2768FB1955}"
	ProjectSection(ProjectDependencies) = postProject
	EndProjectSection
EndProject
Global
	GlobalSection(SolutionConfiguration) = preSolution
		Debug = Debug
		Release = Release
	EndGlobalSection
	GlobalSection(ProjectConfiguration) = postSolution
		{B68E8375-E310-4331-863C-C114763675CF}.Debug.ActiveCfg = Debug|.NET
		{B68E8375-E310-4331-863C-C114763675CF}.Debug.Build.0 = Debug|.NET
		{B68E8375-E310-4331-863C-C114763675CF}.Release.ActiveCfg = Release|.NET
		{B68E8375-E310-4331-863C-C114763675CF}.Release.Build.0 = Release|.NET
		{9349433A-EBB9-4C71-9EA4-7E2768FB1955}.Debug.ActiveCfg = Debug|.NET
		{9349433A-EBB9-4C71-9EA4-7E2768FB1955}.Debug.Build.0 = Debug|.NET
		{9349433A-EBB9-4C71-9EA4-7E2768FB1955}.Release.ActiveCfg = Release|.NET
		{9349433A-EBB9-4C71-9EA4-7E2768FB1955}.Release.Build.0 = Release|.NET
	EndGlobalSection
	GlobalSection(ExtensibilityGlobals) = postSolution
	EndGlobalSection
	GlobalSection(ExtensibilityAddIns) = postSolution
	EndGlobalSection
EndGlobal
